
Microsoft Visual Studio Solution File, Format Version 12.00
# Visual Studio Express 2012 for Windows Desktop
Project("{F184B08F-C81C-45F6-A57F-5ABD9991F28F}") = "Zigbeetchat", "Zigbeetchat\Zigbeetchat.vbproj", "{76E872FA-9356-4220-AB5F-2A1E9E0FDBE3}"
EndProject
Global
	GlobalSection(SolutionConfigurationPlatforms) = preSolution
		Debug|Any CPU = Debug|Any CPU
		Release|Any CPU = Release|Any CPU
	EndGlobalSection
	GlobalSection(ProjectConfigurationPlatforms) = postSolution
		{76E872FA-9356-4220-AB5F-2A1E9E0FDBE3}.Debug|Any CPU.ActiveCfg = Debug|Any CPU
		{76E872FA-9356-4220-AB5F-2A1E9E0FDBE3}.Debug|Any CPU.Build.0 = Debug|Any CPU
		{76E872FA-9356-4220-AB5F-2A1E9E0FDBE3}.Release|Any CPU.ActiveCfg = Release|Any CPU
		{76E872FA-9356-4220-AB5F-2A1E9E0FDBE3}.Release|Any CPU.Build.0 = Release|Any CPU
	EndGlobalSection
	GlobalSection(SolutionProperties) = preSolution
		HideSolutionNode = FALSE
	EndGlobalSection
EndGlobal
